github.com/btnguyen2k/consu/checksum v0.1.2 h1:lmwNWztbfi11CNAxqdi8NcHZdKq0gZiVRqCPfobXj94=
github.com/btnguyen2k/consu/checksum v0.1.2/go.mod h1:/zZ8EXdphDYEkBFua51hK9y3rODCPIkiZYnCDlHT670=
github.com/btnguyen2k/consu/gjrc v0.1.1 h1:2ZXT2ySAFt5yJbdR2BAbwRKl5OjcysJeg3pzF4Hw5bE=
github.com/btnguyen2k/consu/gjrc v0.1.1/go.mod h1:jOTI8M8Kkly9fHyeSoBTw3o2Q9ayQEEYTHQfedIEqzE=
github.com/btnguyen2k/consu/olaf v0.1.3 h1:0dWWmN5nOB/9pJdo7o1S3wR2+l3kG7pXHv3Vwki8uNM=
github.com/btnguyen2k/consu/olaf v0.1.3/go.mod h1:6ybEnJcdcK/PNiSfkKnMoxYuKyH2vJPBvHRuuZpPvD8=
github.com/btnguyen2k/consu/reddo v0.1.4 h1:AT3xH1f7O9R9RVOdSiGhAwu0cI0VWr5fg4io9uDTRB8=
github.com/btnguyen2k/consu/reddo v0.1.4/go.mod h1:6L2l4rRFQlyGWlKxt9SiwYs/wB6SE70oxFcrTo/YLPY=
github.com/btnguyen2k/consu/semita v0.1.4 h1:tKvH0PRcaFWumMaFFCIa+NjIotAJGGKeFhEJgm+rC6U=
github.com/btnguyen2k/consu/semita v0.1.4/go.mod h1:EmOAKM4o+iljiR2kShq3MlIvGrzALnUW4IkgI292p10=
